
Microsoft Visual Studio Solution File, Format Version 12.00
# Visual Studio Version 17
VisualStudioVersion = 17.0.31919.166
MinimumVisualStudioVersion = 10.0.40219.1
Project("{FAE04EC0-301F-11D3-BF4B-00C04F79EFBC}") = "Basics", "Basics\Basics.csproj", "{11B4CE1A-7457-4B80-8763-5EF667DA03E3}"
EndProject
Project("{FAE04EC0-301F-11D3-BF4B-00C04F79EFBC}") = "IdentityExample", "IdentityExample\IdentityExample.csproj", "{BEB05F2D-F52C-45EB-9441-A467ABFDA521}"
EndProject
Project("{2150E333-8FDC-42A3-9474-1A3956D46DE8}") = "basic", "basic", "{BCDA8416-04D3-47AF-B156-281D76095213}"
EndProject
Project("{2150E333-8FDC-42A3-9474-1A3956D46DE8}") = "oauth", "oauth", "{654BC7F5-4CBE-4BE6-B3FE-895D70AFA72D}"
EndProject
Project("{FAE04EC0-301F-11D3-BF4B-00C04F79EFBC}") = "server", "server\server.csproj", "{CF5ED471-C707-4B7E-B6EE-3DA1A8A5D182}"
EndProject
Project("{FAE04EC0-301F-11D3-BF4B-00C04F79EFBC}") = "Client", "Client\Client.csproj", "{92476987-0118-4698-83AA-FA9568DEFA38}"
EndProject
Project("{FAE04EC0-301F-11D3-BF4B-00C04F79EFBC}") = "Api", "Api\Api.csproj", "{B51E6448-5075-4C48-8D0E-C2C856FEF60E}"
EndProject
Global
	GlobalSection(SolutionConfigurationPlatforms) = preSolution
		Debug|Any CPU = Debug|Any CPU
		Release|Any CPU = Release|Any CPU
	EndGlobalSection
	GlobalSection(ProjectConfigurationPlatforms) = postSolution
		{11B4CE1A-7457-4B80-8763-5EF667DA03E3}.Debug|Any CPU.ActiveCfg = Debug|Any CPU
		{11B4CE1A-7457-4B80-8763-5EF667DA03E3}.Debug|Any CPU.Build.0 = Debug|Any CPU
		{11B4CE1A-7457-4B80-8763-5EF667DA03E3}.Release|Any CPU.ActiveCfg = Release|Any CPU
		{11B4CE1A-7457-4B80-8763-5EF667DA03E3}.Release|Any CPU.Build.0 = Release|Any CPU
		{BEB05F2D-F52C-45EB-9441-A467ABFDA521}.Debug|Any CPU.ActiveCfg = Debug|Any CPU
		{BEB05F2D-F52C-45EB-9441-A467ABFDA521}.Debug|Any CPU.Build.0 = Debug|Any CPU
		{BEB05F2D-F52C-45EB-9441-A467ABFDA521}.Release|Any CPU.ActiveCfg = Release|Any CPU
		{BEB05F2D-F52C-45EB-9441-A467ABFDA521}.Release|Any CPU.Build.0 = Release|Any CPU
		{CF5ED471-C707-4B7E-B6EE-3DA1A8A5D182}.Debug|Any CPU.ActiveCfg = Debug|Any CPU
		{CF5ED471-C707-4B7E-B6EE-3DA1A8A5D182}.Debug|Any CPU.Build.0 = Debug|Any CPU
		{CF5ED471-C707-4B7E-B6EE-3DA1A8A5D182}.Release|Any CPU.ActiveCfg = Release|Any CPU
		{CF5ED471-C707-4B7E-B6EE-3DA1A8A5D182}.Release|Any CPU.Build.0 = Release|Any CPU
		{92476987-0118-4698-83AA-FA9568DEFA38}.Debug|Any CPU.ActiveCfg = Debug|Any CPU
		{92476987-0118-4698-83AA-FA9568DEFA38}.Debug|Any CPU.Build.0 = Debug|Any CPU
		{92476987-0118-4698-83AA-FA9568DEFA38}.Release|Any CPU.ActiveCfg = Release|Any CPU
		{92476987-0118-4698-83AA-FA9568DEFA38}.Release|Any CPU.Build.0 = Release|Any CPU
		{B51E6448-5075-4C48-8D0E-C2C856FEF60E}.Debug|Any CPU.ActiveCfg = Debug|Any CPU
		{B51E6448-5075-4C48-8D0E-C2C856FEF60E}.Debug|Any CPU.Build.0 = Debug|Any CPU
		{B51E6448-5075-4C48-8D0E-C2C856FEF60E}.Release|Any CPU.ActiveCfg = Release|Any CPU
		{B51E6448-5075-4C48-8D0E-C2C856FEF60E}.Release|Any CPU.Build.0 = Release|Any CPU
	EndGlobalSection
	GlobalSection(SolutionProperties) = preSolution
		HideSolutionNode = FALSE
	EndGlobalSection
	GlobalSection(NestedProjects) = preSolution
		{11B4CE1A-7457-4B80-8763-5EF667DA03E3} = {BCDA8416-04D3-47AF-B156-281D76095213}
		{BEB05F2D-F52C-45EB-9441-A467ABFDA521} = {BCDA8416-04D3-47AF-B156-281D76095213}
		{CF5ED471-C707-4B7E-B6EE-3DA1A8A5D182} = {654BC7F5-4CBE-4BE6-B3FE-895D70AFA72D}
		{92476987-0118-4698-83AA-FA9568DEFA38} = {654BC7F5-4CBE-4BE6-B3FE-895D70AFA72D}
		{B51E6448-5075-4C48-8D0E-C2C856FEF60E} = {654BC7F5-4CBE-4BE6-B3FE-895D70AFA72D}
	EndGlobalSection
	GlobalSection(ExtensibilityGlobals) = postSolution
		SolutionGuid = {444F081C-006D-4C55-B6E7-A7AE2C795234}
	EndGlobalSection
EndGlobal
